
Microsoft Visual Studio Solution File, Format Version 12.00
# Visual Studio Version 16
VisualStudioVersion = 16.0.30413.136
MinimumVisualStudioVersion = 10.0.40219.1
Project("{2150E333-8FDC-42A3-9474-1A3956D46DE8}") = "src", "src", "{58282CFE-4E68-405E-938D-06F85D8345B0}"
EndProject
Project("{2150E333-8FDC-42A3-9474-1A3956D46DE8}") = "Catalog", "Catalog", "{44AC870F-2B30-4456-A7B7-D6429698CE5E}"
EndProject
Project("{E53339B2-1760-4266-BCC7-CA923CBCF16C}") = "docker-compose", "docker-compose.dcproj", "{132E1A12-629D-40D9-800C-24312230972A}"
EndProject
Project("{2150E333-8FDC-42A3-9474-1A3956D46DE8}") = "Basket", "Basket", "{105115B7-CC43-47A3-9D2F-0F2CFCD43D63}"
EndProject
Project("{2150E333-8FDC-42A3-9474-1A3956D46DE8}") = "Common", "Common", "{254F2C05-F5F8-405B-B28F-908EF50D9546}"
EndProject
Project("{9A19103F-16F7-4668-BE54-9A1E7A4F7556}") = "EventBusRabbitMQ", "src\Common\EventBusRabbitMQ\EventBusRabbitMQ.csproj", "{08092971-CBD8-4B35-A024-3ED287CEEF5A}"
EndProject
Project("{2150E333-8FDC-42A3-9474-1A3956D46DE8}") = "Ordering", "Ordering", "{2E1601AB-21A0-4874-81F2-ABB2C0DEDE01}"
EndProject
Project("{2150E333-8FDC-42A3-9474-1A3956D46DE8}") = "WebApp", "WebApp", "{058D3BC6-D856-427C-8BAB-39455E4962FF}"
EndProject
Project("{9A19103F-16F7-4668-BE54-9A1E7A4F7556}") = "AspnetRunBasics", "src\WebApp\AspnetRunBasics\AspnetRunBasics.csproj", "{0F01A445-84E7-43FD-9FBD-08E880041334}"
EndProject
Project("{2150E333-8FDC-42A3-9474-1A3956D46DE8}") = "Discount", "Discount", "{4DBE4291-F404-4E53-86EC-4512D8876636}"
EndProject
Project("{2150E333-8FDC-42A3-9474-1A3956D46DE8}") = "Services", "Services", "{8498B661-3FB2-45EC-AC52-9E103D736B08}"
EndProject
Project("{9A19103F-16F7-4668-BE54-9A1E7A4F7556}") = "Basket.Api", "src\Services\Basket\Basket.Api\Basket.Api.csproj", "{BD653DDF-1853-484B-83CF-521327E4BD83}"
EndProject
Project("{9A19103F-16F7-4668-BE54-9A1E7A4F7556}") = "Catalog.API", "src\Services\Catalog\Catalog.API\Catalog.API.csproj", "{93A9C8D5-683A-4DC3-91A4-66AF67DFBCF5}"
EndProject
Project("{9A19103F-16F7-4668-BE54-9A1E7A4F7556}") = "Discount.API", "src\Services\Discount\Discount.API\Discount.API.csproj", "{81D706B1-58D9-4CD3-88B5-AE2A16A2514A}"
EndProject
Project("{9A19103F-16F7-4668-BE54-9A1E7A4F7556}") = "Discount.Grpc", "src\Services\Discount\Discount.Grpc\Discount.Grpc.csproj", "{AB072489-D4E3-4813-A49D-01832ED50922}"
EndProject
Project("{9A19103F-16F7-4668-BE54-9A1E7A4F7556}") = "Ordering.API", "src\Services\Ordering\Ordering.API\Ordering.API.csproj", "{EB6712D8-F39A-4204-A307-CF4ED3598219}"
EndProject
Project("{9A19103F-16F7-4668-BE54-9A1E7A4F7556}") = "Ordering.Application", "src\Services\Ordering\Ordering.Application\Ordering.Application.csproj", "{F5658060-BD6D-416E-89B3-D2D0DB914E3B}"
EndProject
Project("{9A19103F-16F7-4668-BE54-9A1E7A4F7556}") = "Ordering.Domain", "src\Services\Ordering\Ordering.Domain\Ordering.Domain.csproj", "{5A2A15BB-549D-4CD7-82BF-1FEF0FE57AE3}"
EndProject
Project("{9A19103F-16F7-4668-BE54-9A1E7A4F7556}") = "Ordering.Infrastructure", "src\Services\Ordering\Ordering.Infrastructure\Ordering.Infrastructure.csproj", "{F2924B7E-2F30-40F8-965E-E917B44A493D}"
EndProject
Project("{2150E333-8FDC-42A3-9474-1A3956D46DE8}") = "BuildingBlocks", "BuildingBlocks", "{51D9BA03-60D9-47A4-BAE1-36BCB7803F37}"
EndProject
Project("{FAE04EC0-301F-11D3-BF4B-00C04F79EFBC}") = "EventBus.Message", "src\BuildingBlocks\EventBus.Message\EventBus.Message.csproj", "{1DAFE5A6-3E64-4D94-9CC6-0925AD77F029}"
EndProject
Project("{2150E333-8FDC-42A3-9474-1A3956D46DE8}") = "ApiGateways", "ApiGateways", "{9B41A54E-66B0-415D-A5D2-E3988F3B115D}"
EndProject
Project("{FAE04EC0-301F-11D3-BF4B-00C04F79EFBC}") = "OcelotApiGw", "src\ApiGateways\OcelotApiGw\OcelotApiGw.csproj", "{BCD6CE6E-50CC-47A6-9C14-235EE80E309F}"
EndProject
Global
	GlobalSection(SolutionConfigurationPlatforms) = preSolution
		Debug|Any CPU = Debug|Any CPU
		Release|Any CPU = Release|Any CPU
	EndGlobalSection
	GlobalSection(ProjectConfigurationPlatforms) = postSolution
		{132E1A12-629D-40D9-800C-24312230972A}.Debug|Any CPU.ActiveCfg = Debug|Any CPU
		{132E1A12-629D-40D9-800C-24312230972A}.Debug|Any CPU.Build.0 = Debug|Any CPU
		{132E1A12-629D-40D9-800C-24312230972A}.Release|Any CPU.ActiveCfg = Release|Any CPU
		{132E1A12-629D-40D9-800C-24312230972A}.Release|Any CPU.Build.0 = Release|Any CPU
		{08092971-CBD8-4B35-A024-3ED287CEEF5A}.Debug|Any CPU.ActiveCfg = Debug|Any CPU
		{08092971-CBD8-4B35-A024-3ED287CEEF5A}.Debug|Any CPU.Build.0 = Debug|Any CPU
		{08092971-CBD8-4B35-A024-3ED287CEEF5A}.Release|Any CPU.ActiveCfg = Release|Any CPU
		{08092971-CBD8-4B35-A024-3ED287CEEF5A}.Release|Any CPU.Build.0 = Release|Any CPU
		{0F01A445-84E7-43FD-9FBD-08E880041334}.Debug|Any CPU.ActiveCfg = Debug|Any CPU
		{0F01A445-84E7-43FD-9FBD-08E880041334}.Debug|Any CPU.Build.0 = Debug|Any CPU
		{0F01A445-84E7-43FD-9FBD-08E880041334}.Release|Any CPU.ActiveCfg = Release|Any CPU
		{0F01A445-84E7-43FD-9FBD-08E880041334}.Release|Any CPU.Build.0 = Release|Any CPU
		{BD653DDF-1853-484B-83CF-521327E4BD83}.Debug|Any CPU.ActiveCfg = Debug|Any CPU
		{BD653DDF-1853-484B-83CF-521327E4BD83}.Debug|Any CPU.Build.0 = Debug|Any CPU
		{BD653DDF-1853-484B-83CF-521327E4BD83}.Release|Any CPU.ActiveCfg = Release|Any CPU
		{BD653DDF-1853-484B-83CF-521327E4BD83}.Release|Any CPU.Build.0 = Release|Any CPU
		{93A9C8D5-683A-4DC3-91A4-66AF67DFBCF5}.Debug|Any CPU.ActiveCfg = Debug|Any CPU
		{93A9C8D5-683A-4DC3-91A4-66AF67DFBCF5}.Debug|Any CPU.Build.0 = Debug|Any CPU
		{93A9C8D5-683A-4DC3-91A4-66AF67DFBCF5}.Release|Any CPU.ActiveCfg = Release|Any CPU
		{93A9C8D5-683A-4DC3-91A4-66AF67DFBCF5}.Release|Any CPU.Build.0 = Release|Any CPU
		{81D706B1-58D9-4CD3-88B5-AE2A16A2514A}.Debug|Any CPU.ActiveCfg = Debug|Any CPU
		{81D706B1-58D9-4CD3-88B5-AE2A16A2514A}.Debug|Any CPU.Build.0 = Debug|Any CPU
		{81D706B1-58D9-4CD3-88B5-AE2A16A2514A}.Release|Any CPU.ActiveCfg = Release|Any CPU
		{81D706B1-58D9-4CD3-88B5-AE2A16A2514A}.Release|Any CPU.Build.0 = Release|Any CPU
		{AB072489-D4E3-4813-A49D-01832ED50922}.Debug|Any CPU.ActiveCfg = Debug|Any CPU
		{AB072489-D4E3-4813-A49D-01832ED50922}.Debug|Any CPU.Build.0 = Debug|Any CPU
		{AB072489-D4E3-4813-A49D-01832ED50922}.Release|Any CPU.ActiveCfg = Release|Any CPU
		{AB072489-D4E3-4813-A49D-01832ED50922}.Release|Any CPU.Build.0 = Release|Any CPU
		{EB6712D8-F39A-4204-A307-CF4ED3598219}.Debug|Any CPU.ActiveCfg = Debug|Any CPU
		{EB6712D8-F39A-4204-A307-CF4ED3598219}.Debug|Any CPU.Build.0 = Debug|Any CPU
		{EB6712D8-F39A-4204-A307-CF4ED3598219}.Release|Any CPU.ActiveCfg = Release|Any CPU
		{EB6712D8-F39A-4204-A307-CF4ED3598219}.Release|Any CPU.Build.0 = Release|Any CPU
		{F5658060-BD6D-416E-89B3-D2D0DB914E3B}.Debug|Any CPU.ActiveCfg = Debug|Any CPU
		{F5658060-BD6D-416E-89B3-D2D0DB914E3B}.Debug|Any CPU.Build.0 = Debug|Any CPU
		{F5658060-BD6D-416E-89B3-D2D0DB914E3B}.Release|Any CPU.ActiveCfg = Release|Any CPU
		{F5658060-BD6D-416E-89B3-D2D0DB914E3B}.Release|Any CPU.Build.0 = Release|Any CPU
		{5A2A15BB-549D-4CD7-82BF-1FEF0FE57AE3}.Debug|Any CPU.ActiveCfg = Debug|Any CPU
		{5A2A15BB-549D-4CD7-82BF-1FEF0FE57AE3}.Debug|Any CPU.Build.0 = Debug|Any CPU
		{5A2A15BB-549D-4CD7-82BF-1FEF0FE57AE3}.Release|Any CPU.ActiveCfg = Release|Any CPU
		{5A2A15BB-549D-4CD7-82BF-1FEF0FE57AE3}.Release|Any CPU.Build.0 = Release|Any CPU
		{F2924B7E-2F30-40F8-965E-E917B44A493D}.Debug|Any CPU.ActiveCfg = Debug|Any CPU
		{F2924B7E-2F30-40F8-965E-E917B44A493D}.Debug|Any CPU.Build.0 = Debug|Any CPU
		{F2924B7E-2F30-40F8-965E-E917B44A493D}.Release|Any CPU.ActiveCfg = Release|Any CPU
		{F2924B7E-2F30-40F8-965E-E917B44A493D}.Release|Any CPU.Build.0 = Release|Any CPU
		{1DAFE5A6-3E64-4D94-9CC6-0925AD77F029}.Debug|Any CPU.ActiveCfg = Debug|Any CPU
		{1DAFE5A6-3E64-4D94-9CC6-0925AD77F029}.Debug|Any CPU.Build.0 = Debug|Any CPU
		{1DAFE5A6-3E64-4D94-9CC6-0925AD77F029}.Release|Any CPU.ActiveCfg = Release|Any CPU
		{1DAFE5A6-3E64-4D94-9CC6-0925AD77F029}.Release|Any CPU.Build.0 = Release|Any CPU
		{BCD6CE6E-50CC-47A6-9C14-235EE80E309F}.Debug|Any CPU.ActiveCfg = Debug|Any CPU
		{BCD6CE6E-50CC-47A6-9C14-235EE80E309F}.Debug|Any CPU.Build.0 = Debug|Any CPU
		{BCD6CE6E-50CC-47A6-9C14-235EE80E309F}.Release|Any CPU.ActiveCfg = Release|Any CPU
		{BCD6CE6E-50CC-47A6-9C14-235EE80E309F}.Release|Any CPU.Build.0 = Release|Any CPU
	EndGlobalSection
	GlobalSection(SolutionProperties) = preSolution
		HideSolutionNode = FALSE
	EndGlobalSection
	GlobalSection(NestedProjects) = preSolution
		{44AC870F-2B30-4456-A7B7-D6429698CE5E} = {8498B661-3FB2-45EC-AC52-9E103D736B08}
		{105115B7-CC43-47A3-9D2F-0F2CFCD43D63} = {8498B661-3FB2-45EC-AC52-9E103D736B08}
		{254F2C05-F5F8-405B-B28F-908EF50D9546} = {58282CFE-4E68-405E-938D-06F85D8345B0}
		{08092971-CBD8-4B35-A024-3ED287CEEF5A} = {254F2C05-F5F8-405B-B28F-908EF50D9546}
		{2E1601AB-21A0-4874-81F2-ABB2C0DEDE01} = {8498B661-3FB2-45EC-AC52-9E103D736B08}
		{058D3BC6-D856-427C-8BAB-39455E4962FF} = {58282CFE-4E68-405E-938D-06F85D8345B0}
		{0F01A445-84E7-43FD-9FBD-08E880041334} = {058D3BC6-D856-427C-8BAB-39455E4962FF}
		{4DBE4291-F404-4E53-86EC-4512D8876636} = {8498B661-3FB2-45EC-AC52-9E103D736B08}
		{8498B661-3FB2-45EC-AC52-9E103D736B08} = {58282CFE-4E68-405E-938D-06F85D8345B0}
		{BD653DDF-1853-484B-83CF-521327E4BD83} = {105115B7-CC43-47A3-9D2F-0F2CFCD43D63}
		{93A9C8D5-683A-4DC3-91A4-66AF67DFBCF5} = {44AC870F-2B30-4456-A7B7-D6429698CE5E}
		{81D706B1-58D9-4CD3-88B5-AE2A16A2514A} = {4DBE4291-F404-4E53-86EC-4512D8876636}
		{AB072489-D4E3-4813-A49D-01832ED50922} = {4DBE4291-F404-4E53-86EC-4512D8876636}
		{EB6712D8-F39A-4204-A307-CF4ED3598219} = {2E1601AB-21A0-4874-81F2-ABB2C0DEDE01}
		{F5658060-BD6D-416E-89B3-D2D0DB914E3B} = {2E1601AB-21A0-4874-81F2-ABB2C0DEDE01}
		{5A2A15BB-549D-4CD7-82BF-1FEF0FE57AE3} = {2E1601AB-21A0-4874-81F2-ABB2C0DEDE01}
		{F2924B7E-2F30-40F8-965E-E917B44A493D} = {2E1601AB-21A0-4874-81F2-ABB2C0DEDE01}
		{51D9BA03-60D9-47A4-BAE1-36BCB7803F37} = {58282CFE-4E68-405E-938D-06F85D8345B0}
		{1DAFE5A6-3E64-4D94-9CC6-0925AD77F029} = {51D9BA03-60D9-47A4-BAE1-36BCB7803F37}
		{9B41A54E-66B0-415D-A5D2-E3988F3B115D} = {58282CFE-4E68-405E-938D-06F85D8345B0}
		{BCD6CE6E-50CC-47A6-9C14-235EE80E309F} = {9B41A54E-66B0-415D-A5D2-E3988F3B115D}
	EndGlobalSection
	GlobalSection(ExtensibilityGlobals) = postSolution
		SolutionGuid = {5A19AFDE-D488-4AFE-B7CD-20028A72C4A5}
	EndGlobalSection
EndGlobal
