
Microsoft Visual Studio Solution File, Format Version 12.00
# Visual Studio Version 16
VisualStudioVersion = 16.0.30413.136
MinimumVisualStudioVersion = 10.0.40219.1
Project("{2150E333-8FDC-42A3-9474-1A3956D46DE8}") = "src", "src", "{58282CFE-4E68-405E-938D-06F85D8345B0}"
EndProject
Project("{2150E333-8FDC-42A3-9474-1A3956D46DE8}") = "Catalog", "Catalog", "{44AC870F-2B30-4456-A7B7-D6429698CE5E}"
EndProject
Project("{9A19103F-16F7-4668-BE54-9A1E7A4F7556}") = "Catalog.API", "src\Catalog\Catalog.API\Catalog.API.csproj", "{D811F7BC-A95B-48B5-ADB4-C47309D48605}"
EndProject
Project("{E53339B2-1760-4266-BCC7-CA923CBCF16C}") = "docker-compose", "docker-compose.dcproj", "{132E1A12-629D-40D9-800C-24312230972A}"
EndProject
Project("{2150E333-8FDC-42A3-9474-1A3956D46DE8}") = "Basket", "Basket", "{105115B7-CC43-47A3-9D2F-0F2CFCD43D63}"
EndProject
Project("{9A19103F-16F7-4668-BE54-9A1E7A4F7556}") = "Basket.Api", "src\Basket\Basket.Api\Basket.Api.csproj", "{70C22E4B-4B66-493F-A74D-794483A9A74E}"
EndProject
Project("{2150E333-8FDC-42A3-9474-1A3956D46DE8}") = "Common", "Common", "{254F2C05-F5F8-405B-B28F-908EF50D9546}"
EndProject
Project("{9A19103F-16F7-4668-BE54-9A1E7A4F7556}") = "EventBusRabbitMQ", "src\Common\EventBusRabbitMQ\EventBusRabbitMQ.csproj", "{08092971-CBD8-4B35-A024-3ED287CEEF5A}"
EndProject
Project("{2150E333-8FDC-42A3-9474-1A3956D46DE8}") = "Ordering", "Ordering", "{2E1601AB-21A0-4874-81F2-ABB2C0DEDE01}"
EndProject
Project("{2150E333-8FDC-42A3-9474-1A3956D46DE8}") = "APIGateway", "APIGateway", "{256DCB98-831F-4B17-94D8-57AAAC17B291}"
EndProject
Project("{9A19103F-16F7-4668-BE54-9A1E7A4F7556}") = "OcelotAPIGateway", "src\ApiGataway\OcelotAPIGateway\OcelotAPIGateway.csproj", "{E860A335-ABB2-4B70-98E4-9C64F2D4E34A}"
EndProject
Project("{2150E333-8FDC-42A3-9474-1A3956D46DE8}") = "WebApp", "WebApp", "{058D3BC6-D856-427C-8BAB-39455E4962FF}"
EndProject
Project("{9A19103F-16F7-4668-BE54-9A1E7A4F7556}") = "AspnetRunBasics", "src\WebApp\AspnetRunBasics\AspnetRunBasics.csproj", "{0F01A445-84E7-43FD-9FBD-08E880041334}"
EndProject
Project("{2150E333-8FDC-42A3-9474-1A3956D46DE8}") = "Discount", "Discount", "{4DBE4291-F404-4E53-86EC-4512D8876636}"
EndProject
Project("{9A19103F-16F7-4668-BE54-9A1E7A4F7556}") = "Discount.API", "src\Discount\Discount.API\Discount.API.csproj", "{D621F8FE-5B7C-4F46-BB2C-2B22C39B5295}"
EndProject
Project("{9A19103F-16F7-4668-BE54-9A1E7A4F7556}") = "Discount.Grpc", "src\Discount\Discoubt.Grpc\Discount.Grpc.csproj", "{94DFB184-9F4D-42AE-B642-9694A530021A}"
EndProject
Project("{FAE04EC0-301F-11D3-BF4B-00C04F79EFBC}") = "Ordering.API", "src\Ordering\Ordering.API\Ordering.API.csproj", "{F0A1288E-5FFA-4C3D-9D00-8989C814D7C4}"
EndProject
Project("{FAE04EC0-301F-11D3-BF4B-00C04F79EFBC}") = "Ordering.Domain", "src\Ordering\Ordering.Domain\Ordering.Domain.csproj", "{CBD35557-9775-48A2-A7B1-0394909A0EA9}"
EndProject
Project("{FAE04EC0-301F-11D3-BF4B-00C04F79EFBC}") = "Ordering.Application", "src\Ordering\Ordering.Application\Ordering.Application.csproj", "{13F63359-4D4A-4D18-8645-03E856AD7CE7}"
EndProject
Project("{FAE04EC0-301F-11D3-BF4B-00C04F79EFBC}") = "Ordering.Infrastructure", "src\Ordering\Ordering.Infrastructure\Ordering.Infrastructure.csproj", "{7963F3E5-8361-4721-92CC-CD32D453FD4B}"
EndProject
Global
	GlobalSection(SolutionConfigurationPlatforms) = preSolution
		Debug|Any CPU = Debug|Any CPU
		Release|Any CPU = Release|Any CPU
	EndGlobalSection
	GlobalSection(ProjectConfigurationPlatforms) = postSolution
		{D811F7BC-A95B-48B5-ADB4-C47309D48605}.Debug|Any CPU.ActiveCfg = Debug|Any CPU
		{D811F7BC-A95B-48B5-ADB4-C47309D48605}.Debug|Any CPU.Build.0 = Debug|Any CPU
		{D811F7BC-A95B-48B5-ADB4-C47309D48605}.Release|Any CPU.ActiveCfg = Release|Any CPU
		{D811F7BC-A95B-48B5-ADB4-C47309D48605}.Release|Any CPU.Build.0 = Release|Any CPU
		{132E1A12-629D-40D9-800C-24312230972A}.Debug|Any CPU.ActiveCfg = Debug|Any CPU
		{132E1A12-629D-40D9-800C-24312230972A}.Debug|Any CPU.Build.0 = Debug|Any CPU
		{132E1A12-629D-40D9-800C-24312230972A}.Release|Any CPU.ActiveCfg = Release|Any CPU
		{132E1A12-629D-40D9-800C-24312230972A}.Release|Any CPU.Build.0 = Release|Any CPU
		{70C22E4B-4B66-493F-A74D-794483A9A74E}.Debug|Any CPU.ActiveCfg = Debug|Any CPU
		{70C22E4B-4B66-493F-A74D-794483A9A74E}.Debug|Any CPU.Build.0 = Debug|Any CPU
		{70C22E4B-4B66-493F-A74D-794483A9A74E}.Release|Any CPU.ActiveCfg = Release|Any CPU
		{70C22E4B-4B66-493F-A74D-794483A9A74E}.Release|Any CPU.Build.0 = Release|Any CPU
		{08092971-CBD8-4B35-A024-3ED287CEEF5A}.Debug|Any CPU.ActiveCfg = Debug|Any CPU
		{08092971-CBD8-4B35-A024-3ED287CEEF5A}.Debug|Any CPU.Build.0 = Debug|Any CPU
		{08092971-CBD8-4B35-A024-3ED287CEEF5A}.Release|Any CPU.ActiveCfg = Release|Any CPU
		{08092971-CBD8-4B35-A024-3ED287CEEF5A}.Release|Any CPU.Build.0 = Release|Any CPU
		{E860A335-ABB2-4B70-98E4-9C64F2D4E34A}.Debug|Any CPU.ActiveCfg = Debug|Any CPU
		{E860A335-ABB2-4B70-98E4-9C64F2D4E34A}.Debug|Any CPU.Build.0 = Debug|Any CPU
		{E860A335-ABB2-4B70-98E4-9C64F2D4E34A}.Release|Any CPU.ActiveCfg = Release|Any CPU
		{E860A335-ABB2-4B70-98E4-9C64F2D4E34A}.Release|Any CPU.Build.0 = Release|Any CPU
		{0F01A445-84E7-43FD-9FBD-08E880041334}.Debug|Any CPU.ActiveCfg = Debug|Any CPU
		{0F01A445-84E7-43FD-9FBD-08E880041334}.Debug|Any CPU.Build.0 = Debug|Any CPU
		{0F01A445-84E7-43FD-9FBD-08E880041334}.Release|Any CPU.ActiveCfg = Release|Any CPU
		{0F01A445-84E7-43FD-9FBD-08E880041334}.Release|Any CPU.Build.0 = Release|Any CPU
		{D621F8FE-5B7C-4F46-BB2C-2B22C39B5295}.Debug|Any CPU.ActiveCfg = Debug|Any CPU
		{D621F8FE-5B7C-4F46-BB2C-2B22C39B5295}.Debug|Any CPU.Build.0 = Debug|Any CPU
		{D621F8FE-5B7C-4F46-BB2C-2B22C39B5295}.Release|Any CPU.ActiveCfg = Release|Any CPU
		{D621F8FE-5B7C-4F46-BB2C-2B22C39B5295}.Release|Any CPU.Build.0 = Release|Any CPU
		{94DFB184-9F4D-42AE-B642-9694A530021A}.Debug|Any CPU.ActiveCfg = Debug|Any CPU
		{94DFB184-9F4D-42AE-B642-9694A530021A}.Debug|Any CPU.Build.0 = Debug|Any CPU
		{94DFB184-9F4D-42AE-B642-9694A530021A}.Release|Any CPU.ActiveCfg = Release|Any CPU
		{94DFB184-9F4D-42AE-B642-9694A530021A}.Release|Any CPU.Build.0 = Release|Any CPU
		{F0A1288E-5FFA-4C3D-9D00-8989C814D7C4}.Debug|Any CPU.ActiveCfg = Debug|Any CPU
		{F0A1288E-5FFA-4C3D-9D00-8989C814D7C4}.Debug|Any CPU.Build.0 = Debug|Any CPU
		{F0A1288E-5FFA-4C3D-9D00-8989C814D7C4}.Release|Any CPU.ActiveCfg = Release|Any CPU
		{F0A1288E-5FFA-4C3D-9D00-8989C814D7C4}.Release|Any CPU.Build.0 = Release|Any CPU
		{CBD35557-9775-48A2-A7B1-0394909A0EA9}.Debug|Any CPU.ActiveCfg = Debug|Any CPU
		{CBD35557-9775-48A2-A7B1-0394909A0EA9}.Debug|Any CPU.Build.0 = Debug|Any CPU
		{CBD35557-9775-48A2-A7B1-0394909A0EA9}.Release|Any CPU.ActiveCfg = Release|Any CPU
		{CBD35557-9775-48A2-A7B1-0394909A0EA9}.Release|Any CPU.Build.0 = Release|Any CPU
		{13F63359-4D4A-4D18-8645-03E856AD7CE7}.Debug|Any CPU.ActiveCfg = Debug|Any CPU
		{13F63359-4D4A-4D18-8645-03E856AD7CE7}.Debug|Any CPU.Build.0 = Debug|Any CPU
		{13F63359-4D4A-4D18-8645-03E856AD7CE7}.Release|Any CPU.ActiveCfg = Release|Any CPU
		{13F63359-4D4A-4D18-8645-03E856AD7CE7}.Release|Any CPU.Build.0 = Release|Any CPU
		{7963F3E5-8361-4721-92CC-CD32D453FD4B}.Debug|Any CPU.ActiveCfg = Debug|Any CPU
		{7963F3E5-8361-4721-92CC-CD32D453FD4B}.Debug|Any CPU.Build.0 = Debug|Any CPU
		{7963F3E5-8361-4721-92CC-CD32D453FD4B}.Release|Any CPU.ActiveCfg = Release|Any CPU
		{7963F3E5-8361-4721-92CC-CD32D453FD4B}.Release|Any CPU.Build.0 = Release|Any CPU
	EndGlobalSection
	GlobalSection(SolutionProperties) = preSolution
		HideSolutionNode = FALSE
	EndGlobalSection
	GlobalSection(NestedProjects) = preSolution
		{44AC870F-2B30-4456-A7B7-D6429698CE5E} = {58282CFE-4E68-405E-938D-06F85D8345B0}
		{D811F7BC-A95B-48B5-ADB4-C47309D48605} = {44AC870F-2B30-4456-A7B7-D6429698CE5E}
		{105115B7-CC43-47A3-9D2F-0F2CFCD43D63} = {58282CFE-4E68-405E-938D-06F85D8345B0}
		{70C22E4B-4B66-493F-A74D-794483A9A74E} = {105115B7-CC43-47A3-9D2F-0F2CFCD43D63}
		{254F2C05-F5F8-405B-B28F-908EF50D9546} = {58282CFE-4E68-405E-938D-06F85D8345B0}
		{08092971-CBD8-4B35-A024-3ED287CEEF5A} = {254F2C05-F5F8-405B-B28F-908EF50D9546}
		{2E1601AB-21A0-4874-81F2-ABB2C0DEDE01} = {58282CFE-4E68-405E-938D-06F85D8345B0}
		{256DCB98-831F-4B17-94D8-57AAAC17B291} = {58282CFE-4E68-405E-938D-06F85D8345B0}
		{E860A335-ABB2-4B70-98E4-9C64F2D4E34A} = {256DCB98-831F-4B17-94D8-57AAAC17B291}
		{058D3BC6-D856-427C-8BAB-39455E4962FF} = {58282CFE-4E68-405E-938D-06F85D8345B0}
		{0F01A445-84E7-43FD-9FBD-08E880041334} = {058D3BC6-D856-427C-8BAB-39455E4962FF}
		{4DBE4291-F404-4E53-86EC-4512D8876636} = {58282CFE-4E68-405E-938D-06F85D8345B0}
		{D621F8FE-5B7C-4F46-BB2C-2B22C39B5295} = {4DBE4291-F404-4E53-86EC-4512D8876636}
		{94DFB184-9F4D-42AE-B642-9694A530021A} = {4DBE4291-F404-4E53-86EC-4512D8876636}
		{F0A1288E-5FFA-4C3D-9D00-8989C814D7C4} = {2E1601AB-21A0-4874-81F2-ABB2C0DEDE01}
		{CBD35557-9775-48A2-A7B1-0394909A0EA9} = {2E1601AB-21A0-4874-81F2-ABB2C0DEDE01}
		{13F63359-4D4A-4D18-8645-03E856AD7CE7} = {2E1601AB-21A0-4874-81F2-ABB2C0DEDE01}
		{7963F3E5-8361-4721-92CC-CD32D453FD4B} = {2E1601AB-21A0-4874-81F2-ABB2C0DEDE01}
	EndGlobalSection
	GlobalSection(ExtensibilityGlobals) = postSolution
		SolutionGuid = {5A19AFDE-D488-4AFE-B7CD-20028A72C4A5}
	EndGlobalSection
EndGlobal
